
Microsoft Visual Studio Solution File, Format Version 12.00
# Visual Studio Version 17
VisualStudioVersion = 17.4.33103.184
MinimumVisualStudioVersion = 10.0.40219.1
Project("{FAE04EC0-301F-11D3-BF4B-00C04F79EFBC}") = "SortedMenus", "SortedMenus\SortedMenus.csproj", "{7ACF09E7-8D02-4271-B678-38BBE20BF668}"
EndProject
Global
	GlobalSection(SolutionConfigurationPlatforms) = preSolution
		Debug|Any CPU = Debug|Any CPU
		Release|Any CPU = Release|Any CPU
	EndGlobalSection
	GlobalSection(ProjectConfigurationPlatforms) = postSolution
		{7ACF09E7-8D02-4271-B678-38BBE20BF668}.Debug|Any CPU.ActiveCfg = Debug|Any CPU
		{7ACF09E7-8D02-4271-B678-38BBE20BF668}.Debug|Any CPU.Build.0 = Debug|Any CPU
		{7ACF09E7-8D02-4271-B678-38BBE20BF668}.Release|Any CPU.ActiveCfg = Release|Any CPU
		{7ACF09E7-8D02-4271-B678-38BBE20BF668}.Release|Any CPU.Build.0 = Release|Any CPU
	EndGlobalSection
	GlobalSection(SolutionProperties) = preSolution
		HideSolutionNode = FALSE
	EndGlobalSection
	GlobalSection(ExtensibilityGlobals) = postSolution
		SolutionGuid = {66EF4733-D511-40E1-A8E9-CD07317CF41C}
	EndGlobalSection
EndGlobal
