
Microsoft Visual Studio Solution File, Format Version 12.00
# Visual Studio Version 17
VisualStudioVersion = 17.4.33103.184
MinimumVisualStudioVersion = 10.0.40219.1
Project("{FAE04EC0-301F-11D3-BF4B-00C04F79EFBC}") = "InstantlyDestroyBoatsAndCarts", "InstantlyDestroyBoatsAndCarts\InstantlyDestroyBoatsAndCarts.csproj", "{C74D03CE-F4F3-440E-9ED1-C96C0F0F0D75}"
EndProject
Global
	GlobalSection(SolutionConfigurationPlatforms) = preSolution
		Debug|Any CPU = Debug|Any CPU
		Release|Any CPU = Release|Any CPU
	EndGlobalSection
	GlobalSection(ProjectConfigurationPlatforms) = postSolution
		{C74D03CE-F4F3-440E-9ED1-C96C0F0F0D75}.Debug|Any CPU.ActiveCfg = Debug|Any CPU
		{C74D03CE-F4F3-440E-9ED1-C96C0F0F0D75}.Debug|Any CPU.Build.0 = Debug|Any CPU
		{C74D03CE-F4F3-440E-9ED1-C96C0F0F0D75}.Release|Any CPU.ActiveCfg = Release|Any CPU
		{C74D03CE-F4F3-440E-9ED1-C96C0F0F0D75}.Release|Any CPU.Build.0 = Release|Any CPU
	EndGlobalSection
	GlobalSection(SolutionProperties) = preSolution
		HideSolutionNode = FALSE
	EndGlobalSection
	GlobalSection(ExtensibilityGlobals) = postSolution
		SolutionGuid = {37D098B2-23F8-4AF1-97EF-26495122EFF7}
	EndGlobalSection
EndGlobal
