
Microsoft Visual Studio Solution File, Format Version 12.00
# Visual Studio Version 17
VisualStudioVersion = 17.4.33103.184
MinimumVisualStudioVersion = 10.0.40219.1
Project("{FAE04EC0-301F-11D3-BF4B-00C04F79EFBC}") = "GreydwarvesFearFire", "GreydwarvesFearFire\GreydwarvesFearFire.csproj", "{F89F4777-68FB-4ED5-8FAF-2C21D777334A}"
EndProject
Global
	GlobalSection(SolutionConfigurationPlatforms) = preSolution
		Debug|Any CPU = Debug|Any CPU
		Release|Any CPU = Release|Any CPU
	EndGlobalSection
	GlobalSection(ProjectConfigurationPlatforms) = postSolution
		{F89F4777-68FB-4ED5-8FAF-2C21D777334A}.Debug|Any CPU.ActiveCfg = Debug|Any CPU
		{F89F4777-68FB-4ED5-8FAF-2C21D777334A}.Debug|Any CPU.Build.0 = Debug|Any CPU
		{F89F4777-68FB-4ED5-8FAF-2C21D777334A}.Release|Any CPU.ActiveCfg = Release|Any CPU
		{F89F4777-68FB-4ED5-8FAF-2C21D777334A}.Release|Any CPU.Build.0 = Release|Any CPU
	EndGlobalSection
	GlobalSection(SolutionProperties) = preSolution
		HideSolutionNode = FALSE
	EndGlobalSection
	GlobalSection(ExtensibilityGlobals) = postSolution
		SolutionGuid = {DCB53086-9EC2-4CB6-924C-E9C2CDD02F5F}
	EndGlobalSection
EndGlobal
