
Microsoft Visual Studio Solution File, Format Version 12.00
# Visual Studio Version 17
VisualStudioVersion = 17.4.33103.184
MinimumVisualStudioVersion = 10.0.40219.1
Project("{FAE04EC0-301F-11D3-BF4B-00C04F79EFBC}") = "SimpleSmarterCorpseRun", "SimpleSmarterCorpseRun\SimpleSmarterCorpseRun.csproj", "{0C1ED8A1-1696-42A5-AC35-94BD79CDE917}"
EndProject
Global
	GlobalSection(SolutionConfigurationPlatforms) = preSolution
		Debug|Any CPU = Debug|Any CPU
		Release|Any CPU = Release|Any CPU
	EndGlobalSection
	GlobalSection(ProjectConfigurationPlatforms) = postSolution
		{0C1ED8A1-1696-42A5-AC35-94BD79CDE917}.Debug|Any CPU.ActiveCfg = Debug|Any CPU
		{0C1ED8A1-1696-42A5-AC35-94BD79CDE917}.Debug|Any CPU.Build.0 = Debug|Any CPU
		{0C1ED8A1-1696-42A5-AC35-94BD79CDE917}.Release|Any CPU.ActiveCfg = Release|Any CPU
		{0C1ED8A1-1696-42A5-AC35-94BD79CDE917}.Release|Any CPU.Build.0 = Release|Any CPU
	EndGlobalSection
	GlobalSection(SolutionProperties) = preSolution
		HideSolutionNode = FALSE
	EndGlobalSection
	GlobalSection(ExtensibilityGlobals) = postSolution
		SolutionGuid = {27D98A68-9A62-4DE6-BD35-B994F9EFD495}
	EndGlobalSection
EndGlobal
